
Microsoft Visual Studio Solution File, Format Version 12.00
# Visual Studio Version 16
Project("{8BC9CEB8-8B4A-11D0-8D11-00A0C91BC942}") = "bachelor_project-windows", "bachelor_project\bachelor_project-windows.vcxproj", "{93D382C6-7FF8-D146-A843-B7D694C7D064}"
EndProject
Project("{8BC9CEB8-8B4A-11D0-8D11-00A0C91BC942}") = "vk_tutorial-windows", "vk_tutorial\vk_tutorial-windows.vcxproj", "{71DF199E-DD40-F7AB-66AE-3D5ED20E2E6B}"
EndProject
Global
	GlobalSection(SolutionConfigurationPlatforms) = preSolution
		Debug|x64 = Debug|x64
		Release|x64 = Release|x64
	EndGlobalSection
	GlobalSection(ProjectConfigurationPlatforms) = postSolution
		{93D382C6-7FF8-D146-A843-B7D694C7D064}.Debug|x64.ActiveCfg = Debug|x64
		{93D382C6-7FF8-D146-A843-B7D694C7D064}.Debug|x64.Build.0 = Debug|x64
		{93D382C6-7FF8-D146-A843-B7D694C7D064}.Release|x64.ActiveCfg = Release|x64
		{93D382C6-7FF8-D146-A843-B7D694C7D064}.Release|x64.Build.0 = Release|x64
		{71DF199E-DD40-F7AB-66AE-3D5ED20E2E6B}.Debug|x64.ActiveCfg = Debug|x64
		{71DF199E-DD40-F7AB-66AE-3D5ED20E2E6B}.Debug|x64.Build.0 = Debug|x64
		{71DF199E-DD40-F7AB-66AE-3D5ED20E2E6B}.Release|x64.ActiveCfg = Release|x64
		{71DF199E-DD40-F7AB-66AE-3D5ED20E2E6B}.Release|x64.Build.0 = Release|x64
	EndGlobalSection
	GlobalSection(SolutionProperties) = preSolution
		HideSolutionNode = FALSE
	EndGlobalSection
EndGlobal
