
Microsoft Visual Studio Solution File, Format Version 12.00
# Visual Studio Version 17
VisualStudioVersion = 17.7.34202.233
MinimumVisualStudioVersion = 10.0.40219.1
Project("{8BC9CEB8-8B4A-11D0-8D11-00A0C91BC942}") = "vk_tutorial", "vk_tutorial\vk_tutorial.vcxproj", "{7436BE4F-8D49-4921-A11B-A9717162F8BE}"
EndProject
Project("{8BC9CEB8-8B4A-11D0-8D11-00A0C91BC942}") = "bachelor_project", "bachelor_project\bachelor_project.vcxproj", "{2CC0AF2D-2CD9-4C01-B6FF-21E87984FAC8}"
EndProject
Global
	GlobalSection(SolutionConfigurationPlatforms) = preSolution
		Debug|x64 = Debug|x64
		Debug|x86 = Debug|x86
		Release|x64 = Release|x64
		Release|x86 = Release|x86
	EndGlobalSection
	GlobalSection(ProjectConfigurationPlatforms) = postSolution
		{7436BE4F-8D49-4921-A11B-A9717162F8BE}.Debug|x64.ActiveCfg = Debug|x64
		{7436BE4F-8D49-4921-A11B-A9717162F8BE}.Debug|x64.Build.0 = Debug|x64
		{7436BE4F-8D49-4921-A11B-A9717162F8BE}.Debug|x86.ActiveCfg = Debug|Win32
		{7436BE4F-8D49-4921-A11B-A9717162F8BE}.Debug|x86.Build.0 = Debug|Win32
		{7436BE4F-8D49-4921-A11B-A9717162F8BE}.Release|x64.ActiveCfg = Release|x64
		{7436BE4F-8D49-4921-A11B-A9717162F8BE}.Release|x64.Build.0 = Release|x64
		{7436BE4F-8D49-4921-A11B-A9717162F8BE}.Release|x86.ActiveCfg = Release|Win32
		{7436BE4F-8D49-4921-A11B-A9717162F8BE}.Release|x86.Build.0 = Release|Win32
		{2CC0AF2D-2CD9-4C01-B6FF-21E87984FAC8}.Debug|x64.ActiveCfg = Debug|x64
		{2CC0AF2D-2CD9-4C01-B6FF-21E87984FAC8}.Debug|x64.Build.0 = Debug|x64
		{2CC0AF2D-2CD9-4C01-B6FF-21E87984FAC8}.Debug|x86.ActiveCfg = Debug|Win32
		{2CC0AF2D-2CD9-4C01-B6FF-21E87984FAC8}.Debug|x86.Build.0 = Debug|Win32
		{2CC0AF2D-2CD9-4C01-B6FF-21E87984FAC8}.Release|x64.ActiveCfg = Release|x64
		{2CC0AF2D-2CD9-4C01-B6FF-21E87984FAC8}.Release|x64.Build.0 = Release|x64
		{2CC0AF2D-2CD9-4C01-B6FF-21E87984FAC8}.Release|x86.ActiveCfg = Release|Win32
		{2CC0AF2D-2CD9-4C01-B6FF-21E87984FAC8}.Release|x86.Build.0 = Release|Win32
	EndGlobalSection
	GlobalSection(SolutionProperties) = preSolution
		HideSolutionNode = FALSE
	EndGlobalSection
	GlobalSection(ExtensibilityGlobals) = postSolution
		SolutionGuid = {A1139112-9DBA-41CD-A83F-665F5352316C}
	EndGlobalSection
EndGlobal
