<?xml version="1.0" encoding="utf-8"?>
<Project ToolsVersion="4.0" xmlns="http://schemas.microsoft.com/developer/msbuild/2003">
  <ItemGroup>
    <Filter Include="external">
      <UniqueIdentifier>{2839F3DC-1406-4EE8-3D1F-3C90294B8376}</UniqueIdentifier>
    </Filter>
    <Filter Include="rendering">
      <UniqueIdentifier>{03CFAD0B-6F39-6282-B877-1328242140D7}</UniqueIdentifier>
    </Filter>
    <Filter Include="scene">
      <UniqueIdentifier>{D3075810-3F1C-80C1-089E-232174717CF2}</UniqueIdentifier>
    </Filter>
    <Filter Include="utils">
      <UniqueIdentifier>{169C8510-82B0-ADC1-4B32-5121B705AAF2}</UniqueIdentifier>
    </Filter>
    <Filter Include="vk_core">
      <UniqueIdentifier>{4EE29E7F-BAC1-1D1B-C3D9-A8F12F38847C}</UniqueIdentifier>
    </Filter>
    <Filter Include="vk_ext">
      <UniqueIdentifier>{76D2E522-6274-10F9-4B2F-244D37709749}</UniqueIdentifier>
    </Filter>
    <Filter Include="vk_pipeline">
      <UniqueIdentifier>{1B71D04A-8726-4940-101B-43177CCF3F44}</UniqueIdentifier>
    </Filter>
    <Filter Include="vk_resources">
      <UniqueIdentifier>{200DBADB-0C70-4980-B5F5-8136A1371503}</UniqueIdentifier>
    </Filter>
    <Filter Include="vk_sync">
      <UniqueIdentifier>{62D2A77F-CEB1-261B-D7C9-B1F143288D7C}</UniqueIdentifier>
    </Filter>
  </ItemGroup>
  <ItemGroup>
    <ClInclude Include="src\App.h" />
    <ClInclude Include="src\HeadlessApp.h" />
    <ClInclude Include="src\external\VkBootstrap.h">
      <Filter>external</Filter>
    </ClInclude>
    <ClInclude Include="src\external\VolkBootstrap.h">
      <Filter>external</Filter>
    </ClInclude>
    <ClInclude Include="src\external\cgltf.h">
      <Filter>external</Filter>
    </ClInclude>
    <ClInclude Include="src\external\glm.h">
      <Filter>external</Filter>
    </ClInclude>
    <ClInclude Include="src\external\vk_mem_alloc.h">
      <Filter>external</Filter>
    </ClInclude>
    <ClInclude Include="src\external\volk.h">
      <Filter>external</Filter>
    </ClInclude>
    <ClInclude Include="src\external\volk_mem_alloc.h">
      <Filter>external</Filter>
    </ClInclude>
    <ClInclude Include="src\rendering\Frame.h">
      <Filter>rendering</Filter>
    </ClInclude>
    <ClInclude Include="src\rendering\FrameManager.h">
      <Filter>rendering</Filter>
    </ClInclude>
    <ClInclude Include="src\rendering\Rasterizer.h">
      <Filter>rendering</Filter>
    </ClInclude>
    <ClInclude Include="src\scene\Animation.h">
      <Filter>scene</Filter>
    </ClInclude>
    <ClInclude Include="src\scene\Camera.h">
      <Filter>scene</Filter>
    </ClInclude>
    <ClInclude Include="src\scene\Mesh.h">
      <Filter>scene</Filter>
    </ClInclude>
    <ClInclude Include="src\scene\Node.h">
      <Filter>scene</Filter>
    </ClInclude>
    <ClInclude Include="src\scene\Scene.h">
      <Filter>scene</Filter>
    </ClInclude>
    <ClInclude Include="src\utils\LibManager.h">
      <Filter>utils</Filter>
    </ClInclude>
    <ClInclude Include="src\utils\NoCopy.h">
      <Filter>utils</Filter>
    </ClInclude>
    <ClInclude Include="src\utils\dbg_log.h">
      <Filter>utils</Filter>
    </ClInclude>
    <ClInclude Include="src\utils\default_defines.h">
      <Filter>utils</Filter>
    </ClInclude>
    <ClInclude Include="src\utils\defines.h">
      <Filter>utils</Filter>
    </ClInclude>
    <ClInclude Include="src\utils\load_file.h">
      <Filter>utils</Filter>
    </ClInclude>
    <ClInclude Include="src\utils\move.h">
      <Filter>utils</Filter>
    </ClInclude>
    <ClInclude Include="src\utils\ptr.h">
      <Filter>utils</Filter>
    </ClInclude>
    <ClInclude Include="src\vk_core\CommandBuffer.h">
      <Filter>vk_core</Filter>
    </ClInclude>
    <ClInclude Include="src\vk_core\CommandManager.h">
      <Filter>vk_core</Filter>
    </ClInclude>
    <ClInclude Include="src\vk_core\Context.h">
      <Filter>vk_core</Filter>
    </ClInclude>
    <ClInclude Include="src\vk_core\Handle.h">
      <Filter>vk_core</Filter>
    </ClInclude>
    <ClInclude Include="src\vk_core\Swapchain.h">
      <Filter>vk_core</Filter>
    </ClInclude>
    <ClInclude Include="src\vk_core\format.h">
      <Filter>vk_core</Filter>
    </ClInclude>
    <ClInclude Include="src\vk_ext\debug_utils.h">
      <Filter>vk_ext</Filter>
    </ClInclude>
    <ClInclude Include="src\vk_ext\ext_macros.h">
      <Filter>vk_ext</Filter>
    </ClInclude>
    <ClInclude Include="src\vk_pipeline\DescriptorPool.h">
      <Filter>vk_pipeline</Filter>
    </ClInclude>
    <ClInclude Include="src\vk_pipeline\Framebuffer.h">
      <Filter>vk_pipeline</Filter>
    </ClInclude>
    <ClInclude Include="src\vk_pipeline\Pipeline.h">
      <Filter>vk_pipeline</Filter>
    </ClInclude>
    <ClInclude Include="src\vk_pipeline\PipelineLayout.h">
      <Filter>vk_pipeline</Filter>
    </ClInclude>
    <ClInclude Include="src\vk_pipeline\RenderPass.h">
      <Filter>vk_pipeline</Filter>
    </ClInclude>
    <ClInclude Include="src\vk_pipeline\Shader.h">
      <Filter>vk_pipeline</Filter>
    </ClInclude>
    <ClInclude Include="src\vk_pipeline\VertexInput.h">
      <Filter>vk_pipeline</Filter>
    </ClInclude>
    <ClInclude Include="src\vk_resources\Buffer.h">
      <Filter>vk_resources</Filter>
    </ClInclude>
    <ClInclude Include="src\vk_resources\Image.h">
      <Filter>vk_resources</Filter>
    </ClInclude>
    <ClInclude Include="src\vk_resources\ImageView.h">
      <Filter>vk_resources</Filter>
    </ClInclude>
    <ClInclude Include="src\vk_resources\SubBuffer.h">
      <Filter>vk_resources</Filter>
    </ClInclude>
    <ClInclude Include="src\vk_sync\Fence.h">
      <Filter>vk_sync</Filter>
    </ClInclude>
    <ClInclude Include="src\vk_sync\Semaphore.h">
      <Filter>vk_sync</Filter>
    </ClInclude>
  </ItemGroup>
  <ItemGroup>
    <ClCompile Include="src\App.cpp" />
    <ClCompile Include="src\HeadlessApp.cpp" />
    <ClCompile Include="src\external\VkBootstrap.cpp">
      <Filter>external</Filter>
    </ClCompile>
    <ClCompile Include="src\external\cgltf.cpp">
      <Filter>external</Filter>
    </ClCompile>
    <ClCompile Include="src\external\vk_mem_alloc.cpp">
      <Filter>external</Filter>
    </ClCompile>
    <ClCompile Include="src\external\volk.c">
      <Filter>external</Filter>
    </ClCompile>
    <ClCompile Include="src\main.cpp" />
    <ClCompile Include="src\rendering\FrameManager.cpp">
      <Filter>rendering</Filter>
    </ClCompile>
    <ClCompile Include="src\rendering\Rasterizer.cpp">
      <Filter>rendering</Filter>
    </ClCompile>
    <ClCompile Include="src\scene\Animation.cpp">
      <Filter>scene</Filter>
    </ClCompile>
    <ClCompile Include="src\scene\Mesh.cpp">
      <Filter>scene</Filter>
    </ClCompile>
    <ClCompile Include="src\scene\Node.cpp">
      <Filter>scene</Filter>
    </ClCompile>
    <ClCompile Include="src\scene\Scene.cpp">
      <Filter>scene</Filter>
    </ClCompile>
    <ClCompile Include="src\utils\LibManager.cpp">
      <Filter>utils</Filter>
    </ClCompile>
    <ClCompile Include="src\utils\load_file.cpp">
      <Filter>utils</Filter>
    </ClCompile>
    <ClCompile Include="src\vk_core\CommandBuffer.cpp">
      <Filter>vk_core</Filter>
    </ClCompile>
    <ClCompile Include="src\vk_core\CommandManager.cpp">
      <Filter>vk_core</Filter>
    </ClCompile>
    <ClCompile Include="src\vk_core\Context.cpp">
      <Filter>vk_core</Filter>
    </ClCompile>
    <ClCompile Include="src\vk_core\Handle.cpp">
      <Filter>vk_core</Filter>
    </ClCompile>
    <ClCompile Include="src\vk_core\Swapchain.cpp">
      <Filter>vk_core</Filter>
    </ClCompile>
    <ClCompile Include="src\vk_core\format.cpp">
      <Filter>vk_core</Filter>
    </ClCompile>
    <ClCompile Include="src\vk_pipeline\DescriptorPool.cpp">
      <Filter>vk_pipeline</Filter>
    </ClCompile>
    <ClCompile Include="src\vk_pipeline\Framebuffer.cpp">
      <Filter>vk_pipeline</Filter>
    </ClCompile>
    <ClCompile Include="src\vk_pipeline\Pipeline.cpp">
      <Filter>vk_pipeline</Filter>
    </ClCompile>
    <ClCompile Include="src\vk_pipeline\PipelineLayout.cpp">
      <Filter>vk_pipeline</Filter>
    </ClCompile>
    <ClCompile Include="src\vk_pipeline\RenderPass.cpp">
      <Filter>vk_pipeline</Filter>
    </ClCompile>
    <ClCompile Include="src\vk_pipeline\Shader.cpp">
      <Filter>vk_pipeline</Filter>
    </ClCompile>
    <ClCompile Include="src\vk_pipeline\VertexInput.cpp">
      <Filter>vk_pipeline</Filter>
    </ClCompile>
    <ClCompile Include="src\vk_resources\Buffer.cpp">
      <Filter>vk_resources</Filter>
    </ClCompile>
    <ClCompile Include="src\vk_resources\Image.cpp">
      <Filter>vk_resources</Filter>
    </ClCompile>
    <ClCompile Include="src\vk_resources\ImageView.cpp">
      <Filter>vk_resources</Filter>
    </ClCompile>
    <ClCompile Include="src\vk_resources\SubBuffer.cpp">
      <Filter>vk_resources</Filter>
    </ClCompile>
    <ClCompile Include="src\vk_sync\Fence.cpp">
      <Filter>vk_sync</Filter>
    </ClCompile>
    <ClCompile Include="src\vk_sync\Semaphore.cpp">
      <Filter>vk_sync</Filter>
    </ClCompile>
  </ItemGroup>
</Project>